
Microsoft Visual Studio Solution File, Format Version 12.00
# Visual Studio Version 17
VisualStudioVersion = 17.0.32014.148
MinimumVisualStudioVersion = 10.0.40219.1
Project("{54A90642-561A-4BB1-A94E-469ADEE60C69}") = "WebStoreFrontend", "WebStoreFrontend\WebStoreFrontend.esproj", "{2C5D0327-04B0-4FF5-8504-DADB4932BDFF}"
EndProject
Project("{FAE04EC0-301F-11D3-BF4B-00C04F79EFBC}") = "WebStoreAPI", "WebStoreAPI\WebStoreAPI.csproj", "{20E06E55-613A-4F26-84F1-5007962557B4}"
EndProject
Global
	GlobalSection(SolutionConfigurationPlatforms) = preSolution
		Debug|Any CPU = Debug|Any CPU
		Release|Any CPU = Release|Any CPU
	EndGlobalSection
	GlobalSection(ProjectConfigurationPlatforms) = postSolution
		{2C5D0327-04B0-4FF5-8504-DADB4932BDFF}.Debug|Any CPU.ActiveCfg = Debug|Any CPU
		{2C5D0327-04B0-4FF5-8504-DADB4932BDFF}.Debug|Any CPU.Build.0 = Debug|Any CPU
		{2C5D0327-04B0-4FF5-8504-DADB4932BDFF}.Debug|Any CPU.Deploy.0 = Debug|Any CPU
		{2C5D0327-04B0-4FF5-8504-DADB4932BDFF}.Release|Any CPU.ActiveCfg = Release|Any CPU
		{2C5D0327-04B0-4FF5-8504-DADB4932BDFF}.Release|Any CPU.Build.0 = Release|Any CPU
		{2C5D0327-04B0-4FF5-8504-DADB4932BDFF}.Release|Any CPU.Deploy.0 = Release|Any CPU
		{20E06E55-613A-4F26-84F1-5007962557B4}.Debug|Any CPU.ActiveCfg = Debug|Any CPU
		{20E06E55-613A-4F26-84F1-5007962557B4}.Debug|Any CPU.Build.0 = Debug|Any CPU
		{20E06E55-613A-4F26-84F1-5007962557B4}.Release|Any CPU.ActiveCfg = Release|Any CPU
		{20E06E55-613A-4F26-84F1-5007962557B4}.Release|Any CPU.Build.0 = Release|Any CPU
	EndGlobalSection
	GlobalSection(SolutionProperties) = preSolution
		HideSolutionNode = FALSE
	EndGlobalSection
	GlobalSection(ExtensibilityGlobals) = postSolution
		SolutionGuid = {2400EA94-78C2-4F50-9427-4D209559F19B}
	EndGlobalSection
EndGlobal
